
Microsoft Visual Studio Solution File, Format Version 12.00
# Visual Studio Version 17
VisualStudioVersion = 17.11.35312.102
MinimumVisualStudioVersion = 10.0.40219.1
Project("{FAE04EC0-301F-11D3-BF4B-00C04F79EFBC}") = "FlatUI", "FlatUI.csproj", "{212BE21F-5345-4A06-A0C8-084AC1BE5E25}"
EndProject
Global
	GlobalSection(SolutionConfigurationPlatforms) = preSolution
		Debug|Any CPU = Debug|Any CPU
		Release|Any CPU = Release|Any CPU
	EndGlobalSection
	GlobalSection(ProjectConfigurationPlatforms) = postSolution
		{212BE21F-5345-4A06-A0C8-084AC1BE5E25}.Debug|Any CPU.ActiveCfg = Debug|Any CPU
		{212BE21F-5345-4A06-A0C8-084AC1BE5E25}.Debug|Any CPU.Build.0 = Debug|Any CPU
		{212BE21F-5345-4A06-A0C8-084AC1BE5E25}.Release|Any CPU.ActiveCfg = Release|Any CPU
		{212BE21F-5345-4A06-A0C8-084AC1BE5E25}.Release|Any CPU.Build.0 = Release|Any CPU
	EndGlobalSection
	GlobalSection(SolutionProperties) = preSolution
		HideSolutionNode = FALSE
	EndGlobalSection
	GlobalSection(ExtensibilityGlobals) = postSolution
		SolutionGuid = {09867E3A-1985-4149-9334-B3CEAA71E78F}
	EndGlobalSection
EndGlobal
