
Microsoft Visual Studio Solution File, Format Version 12.00
# Visual Studio Version 17
VisualStudioVersion = 17.11.35312.102
MinimumVisualStudioVersion = 10.0.40219.1
Project("{9A19103F-16F7-4668-BE54-9A1E7A4F7556}") = "GraphAplication", "GraphAplication.csproj", "{951A5418-468E-4908-92B0-1FB1FF4EC603}"
EndProject
Project("{FAE04EC0-301F-11D3-BF4B-00C04F79EFBC}") = "TestForCalc", "..\TestForCalc\TestForCalc.csproj", "{EA36A9BB-08F6-4587-902E-6D740C488BD2}"
EndProject
Global
	GlobalSection(SolutionConfigurationPlatforms) = preSolution
		Debug|Any CPU = Debug|Any CPU
		Release|Any CPU = Release|Any CPU
	EndGlobalSection
	GlobalSection(ProjectConfigurationPlatforms) = postSolution
		{951A5418-468E-4908-92B0-1FB1FF4EC603}.Debug|Any CPU.ActiveCfg = Debug|Any CPU
		{951A5418-468E-4908-92B0-1FB1FF4EC603}.Debug|Any CPU.Build.0 = Debug|Any CPU
		{951A5418-468E-4908-92B0-1FB1FF4EC603}.Release|Any CPU.ActiveCfg = Release|Any CPU
		{951A5418-468E-4908-92B0-1FB1FF4EC603}.Release|Any CPU.Build.0 = Release|Any CPU
		{EA36A9BB-08F6-4587-902E-6D740C488BD2}.Debug|Any CPU.ActiveCfg = Debug|Any CPU
		{EA36A9BB-08F6-4587-902E-6D740C488BD2}.Debug|Any CPU.Build.0 = Debug|Any CPU
		{EA36A9BB-08F6-4587-902E-6D740C488BD2}.Release|Any CPU.ActiveCfg = Release|Any CPU
		{EA36A9BB-08F6-4587-902E-6D740C488BD2}.Release|Any CPU.Build.0 = Release|Any CPU
	EndGlobalSection
	GlobalSection(SolutionProperties) = preSolution
		HideSolutionNode = FALSE
	EndGlobalSection
	GlobalSection(ExtensibilityGlobals) = postSolution
		SolutionGuid = {7F6D7C17-5500-4885-991F-212C96998625}
	EndGlobalSection
EndGlobal
